github.com/lavode/secret-sharing v0.0.0-20210504141002-5329ca6ff776 h1:eRe46Lw2lDhCjHyFDCIDz2ungB/igpLbWVb/EZYgz9E=
github.com/lavode/secret-sharing v0.0.0-20210504141002-5329ca6ff776/go.mod h1:RIqBoh7CUDki2qpicTPm7NZqNiH7lsj537CizMr9PCU=
github.com/lavode/secret-sharing v1.0.0 h1:xXxz56m+LOZgc0SpDEjKjogPNFjDGIlCOXA5ayBhAkE=
github.com/lavode/secret-sharing v1.0.0/go.mod h1:RIqBoh7CUDki2qpicTPm7NZqNiH7lsj537CizMr9PCU=
github.com/lavode/secret-sharing v1.0.1 h1:rVjZNzQ//FWrHDXUaP9zjKD4H3i9tNKIUfOafU1HI3o=
github.com/lavode/secret-sharing v1.0.1/go.mod h1:RIqBoh7CUDki2qpicTPm7NZqNiH7lsj537CizMr9PCU=
